// !$*UTF8*$!
{
	archiveVersion = 1;
	classes = {
	};
	objectVersion = 46;
	objects = {

/* Begin PBXBuildFile section */
		171F4AD01E96BE0500F4AF01 /* BFRBackLoadedImageSource.m in Sources */ = {isa = PBXBuildFile; fileRef = 171F4ACF1E96BE0500F4AF01 /* BFRBackLoadedImageSource.m */; };
		171F4AD31E96C31400F4AF01 /* FourthViewController.m in Sources */ = {isa = PBXBuildFile; fileRef = 171F4AD21E96C31400F4AF01 /* FourthViewController.m */; };
		171F4AD71E96D56D00F4AF01 /* lowResImage.png in Resources */ = {isa = PBXBuildFile; fileRef = 171F4AD61E96D56D00F4AF01 /* lowResImage.png */; };
		1797CB8E1E81BB4F00D9F729 /* BFRImageTransitionAnimator.m in Sources */ = {isa = PBXBuildFile; fileRef = 1797CB8D1E81BB4F00D9F729 /* BFRImageTransitionAnimator.m */; };
		1797CB911E81BBB200D9F729 /* ThirdViewController.m in Sources */ = {isa = PBXBuildFile; fileRef = 1797CB901E81BBB200D9F729 /* ThirdViewController.m */; };
		17C1AAB61D9D6EBF00FF1B67 /* BFRImageViewerLocalizations.bundle in Resources */ = {isa = PBXBuildFile; fileRef = 17C1AAB51D9D6EBF00FF1B67 /* BFRImageViewerLocalizations.bundle */; };
		3D65F036BBCC181E7FD291F7 /* libPods-BFRImageViewer.a in Frameworks */ = {isa = PBXBuildFile; fileRef = 76763DB871F085556628E1C6 /* libPods-BFRImageViewer.a */; };
		578DFD5B1CB6F17B00BFBD00 /* cross.png in Resources */ = {isa = PBXBuildFile; fileRef = 578DFD581CB6F17B00BFBD00 /* cross.png */; };
		578DFD5C1CB6F17B00BFBD00 /* cross@2x.png in Resources */ = {isa = PBXBuildFile; fileRef = 578DFD591CB6F17B00BFBD00 /* cross@2x.png */; };
		578DFD5D1CB6F17B00BFBD00 /* cross@3x.png in Resources */ = {isa = PBXBuildFile; fileRef = 578DFD5A1CB6F17B00BFBD00 /* cross@3x.png */; };
		944B4DB01BFFC0C000B9BF87 /* main.m in Sources */ = {isa = PBXBuildFile; fileRef = 944B4DAF1BFFC0C000B9BF87 /* main.m */; };
		944B4DB31BFFC0C000B9BF87 /* AppDelegate.m in Sources */ = {isa = PBXBuildFile; fileRef = 944B4DB21BFFC0C000B9BF87 /* AppDelegate.m */; };
		944B4DB61BFFC0C000B9BF87 /* FirstViewController.m in Sources */ = {isa = PBXBuildFile; fileRef = 944B4DB51BFFC0C000B9BF87 /* FirstViewController.m */; };
		944B4DB91BFFC0C000B9BF87 /* SecondViewController.m in Sources */ = {isa = PBXBuildFile; fileRef = 944B4DB81BFFC0C000B9BF87 /* SecondViewController.m */; };
		944B4DC11BFFC0C000B9BF87 /* LaunchScreen.storyboard in Resources */ = {isa = PBXBuildFile; fileRef = 944B4DBF1BFFC0C000B9BF87 /* LaunchScreen.storyboard */; };
		944B4DE91BFFC0E300B9BF87 /* BFRImageContainerViewController.m in Sources */ = {isa = PBXBuildFile; fileRef = 944B4DE61BFFC0E300B9BF87 /* BFRImageContainerViewController.m */; };
		944B4DEA1BFFC0E300B9BF87 /* BFRImageViewController.m in Sources */ = {isa = PBXBuildFile; fileRef = 944B4DE81BFFC0E300B9BF87 /* BFRImageViewController.m */; };
/* End PBXBuildFile section */

/* Begin PBXFileReference section */
		1264A436520DEA8753316972 /* Pods-BFRImageViewer.release.xcconfig */ = {isa = PBXFileReference; includeInIndex = 1; lastKnownFileType = text.xcconfig; name = "Pods-BFRImageViewer.release.xcconfig"; path = "Pods/Target Support Files/Pods-BFRImageViewer/Pods-BFRImageViewer.release.xcconfig"; sourceTree = "<group>"; };
		171F4ACE1E96BE0500F4AF01 /* BFRBackLoadedImageSource.h */ = {isa = PBXFileReference; fileEncoding = 4; lastKnownFileType = sourcecode.c.h; path = BFRBackLoadedImageSource.h; sourceTree = "<group>"; };
		171F4ACF1E96BE0500F4AF01 /* BFRBackLoadedImageSource.m */ = {isa = PBXFileReference; fileEncoding = 4; lastKnownFileType = sourcecode.c.objc; path = BFRBackLoadedImageSource.m; sourceTree = "<group>"; };
		171F4AD11E96C31400F4AF01 /* FourthViewController.h */ = {isa = PBXFileReference; fileEncoding = 4; lastKnownFileType = sourcecode.c.h; path = FourthViewController.h; sourceTree = "<group>"; };
		171F4AD21E96C31400F4AF01 /* FourthViewController.m */ = {isa = PBXFileReference; fileEncoding = 4; lastKnownFileType = sourcecode.c.objc; path = FourthViewController.m; sourceTree = "<group>"; };
		171F4AD61E96D56D00F4AF01 /* lowResImage.png */ = {isa = PBXFileReference; lastKnownFileType = image.png; path = lowResImage.png; sourceTree = "<group>"; };
		1797CB8C1E81BB4F00D9F729 /* BFRImageTransitionAnimator.h */ = {isa = PBXFileReference; fileEncoding = 4; lastKnownFileType = sourcecode.c.h; path = BFRImageTransitionAnimator.h; sourceTree = "<group>"; };
		1797CB8D1E81BB4F00D9F729 /* BFRImageTransitionAnimator.m */ = {isa = PBXFileReference; fileEncoding = 4; lastKnownFileType = sourcecode.c.objc; path = BFRImageTransitionAnimator.m; sourceTree = "<group>"; };
		1797CB8F1E81BBB200D9F729 /* ThirdViewController.h */ = {isa = PBXFileReference; fileEncoding = 4; lastKnownFileType = sourcecode.c.h; path = ThirdViewController.h; sourceTree = "<group>"; };
		1797CB901E81BBB200D9F729 /* ThirdViewController.m */ = {isa = PBXFileReference; fileEncoding = 4; lastKnownFileType = sourcecode.c.objc; path = ThirdViewController.m; sourceTree = "<group>"; };
		17C1AAB51D9D6EBF00FF1B67 /* BFRImageViewerLocalizations.bundle */ = {isa = PBXFileReference; lastKnownFileType = "wrapper.plug-in"; path = BFRImageViewerLocalizations.bundle; sourceTree = "<group>"; };
		17C1AAB91D9D702E00FF1B67 /* BFRImageViewerLocalizations.h */ = {isa = PBXFileReference; lastKnownFileType = sourcecode.c.h; path = BFRImageViewerLocalizations.h; sourceTree = "<group>"; };
		3C46F30D2C78F64E6BC23C87 /* Pods-BFRImageViewer.debug.xcconfig */ = {isa = PBXFileReference; includeInIndex = 1; lastKnownFileType = text.xcconfig; name = "Pods-BFRImageViewer.debug.xcconfig"; path = "Pods/Target Support Files/Pods-BFRImageViewer/Pods-BFRImageViewer.debug.xcconfig"; sourceTree = "<group>"; };
		578DFD581CB6F17B00BFBD00 /* cross.png */ = {isa = PBXFileReference; lastKnownFileType = image.png; path = cross.png; sourceTree = "<group>"; };
		578DFD591CB6F17B00BFBD00 /* cross@2x.png */ = {isa = PBXFileReference; lastKnownFileType = image.png; path = "cross@2x.png"; sourceTree = "<group>"; };
		578DFD5A1CB6F17B00BFBD00 /* cross@3x.png */ = {isa = PBXFileReference; lastKnownFileType = image.png; path = "cross@3x.png"; sourceTree = "<group>"; };
		76763DB871F085556628E1C6 /* libPods-BFRImageViewer.a */ = {isa = PBXFileReference; explicitFileType = archive.ar; includeInIndex = 0; path = "libPods-BFRImageViewer.a"; sourceTree = BUILT_PRODUCTS_DIR; };
		944B4DAB1BFFC0C000B9BF87 /* BFRImageViewer.app */ = {isa = PBXFileReference; explicitFileType = wrapper.application; includeInIndex = 0; path = BFRImageViewer.app; sourceTree = BUILT_PRODUCTS_DIR; };
		944B4DAF1BFFC0C000B9BF87 /* main.m */ = {isa = PBXFileReference; lastKnownFileType = sourcecode.c.objc; path = main.m; sourceTree = "<group>"; };
		944B4DB11BFFC0C000B9BF87 /* AppDelegate.h */ = {isa = PBXFileReference; lastKnownFileType = sourcecode.c.h; path = AppDelegate.h; sourceTree = "<group>"; };
		944B4DB21BFFC0C000B9BF87 /* AppDelegate.m */ = {isa = PBXFileReference; lastKnownFileType = sourcecode.c.objc; path = AppDelegate.m; sourceTree = "<group>"; };
		944B4DB41BFFC0C000B9BF87 /* FirstViewController.h */ = {isa = PBXFileReference; lastKnownFileType = sourcecode.c.h; path = FirstViewController.h; sourceTree = "<group>"; };
		944B4DB51BFFC0C000B9BF87 /* FirstViewController.m */ = {isa = PBXFileReference; lastKnownFileType = sourcecode.c.objc; path = FirstViewController.m; sourceTree = "<group>"; };
		944B4DB71BFFC0C000B9BF87 /* SecondViewController.h */ = {isa = PBXFileReference; lastKnownFileType = sourcecode.c.h; path = SecondViewController.h; sourceTree = "<group>"; };
		944B4DB81BFFC0C000B9BF87 /* SecondViewController.m */ = {isa = PBXFileReference; lastKnownFileType = sourcecode.c.objc; path = SecondViewController.m; sourceTree = "<group>"; };
		944B4DC01BFFC0C000B9BF87 /* Base */ = {isa = PBXFileReference; lastKnownFileType = file.storyboard; name = Base; path = Base.lproj/LaunchScreen.storyboard; sourceTree = "<group>"; };
		944B4DC21BFFC0C000B9BF87 /* Info.plist */ = {isa = PBXFileReference; lastKnownFileType = text.plist.xml; path = Info.plist; sourceTree = "<group>"; };
		944B4DE51BFFC0E300B9BF87 /* BFRImageContainerViewController.h */ = {isa = PBXFileReference; fileEncoding = 4; lastKnownFileType = sourcecode.c.h; path = BFRImageContainerViewController.h; sourceTree = "<group>"; };
		944B4DE61BFFC0E300B9BF87 /* BFRImageContainerViewController.m */ = {isa = PBXFileReference; fileEncoding = 4; lastKnownFileType = sourcecode.c.objc; path = BFRImageContainerViewController.m; sourceTree = "<group>"; };
		944B4DE71BFFC0E300B9BF87 /* BFRImageViewController.h */ = {isa = PBXFileReference; fileEncoding = 4; lastKnownFileType = sourcecode.c.h; path = BFRImageViewController.h; sourceTree = "<group>"; };
		944B4DE81BFFC0E300B9BF87 /* BFRImageViewController.m */ = {isa = PBXFileReference; fileEncoding = 4; lastKnownFileType = sourcecode.c.objc; path = BFRImageViewController.m; sourceTree = "<group>"; };
/* End PBXFileReference section */

/* Begin PBXFrameworksBuildPhase section */
		944B4DA81BFFC0C000B9BF87 /* Frameworks */ = {
			isa = PBXFrameworksBuildPhase;
			buildActionMask = 2147483647;
			files = (
				3D65F036BBCC181E7FD291F7 /* libPods-BFRImageViewer.a in Frameworks */,
			);
			runOnlyForDeploymentPostprocessing = 0;
		};
/* End PBXFrameworksBuildPhase section */

/* Begin PBXGroup section */
		5191CE176EA32C80E7D64558 /* Frameworks */ = {
			isa = PBXGroup;
			children = (
				76763DB871F085556628E1C6 /* libPods-BFRImageViewer.a */,
			);
			name = Frameworks;
			sourceTree = "<group>";
		};
		578DFD551CB6E7F400BFBD00 /* Resources */ = {
			isa = PBXGroup;
			children = (
				171F4AD61E96D56D00F4AF01 /* lowResImage.png */,
				578DFD581CB6F17B00BFBD00 /* cross.png */,
				578DFD591CB6F17B00BFBD00 /* cross@2x.png */,
				578DFD5A1CB6F17B00BFBD00 /* cross@3x.png */,
				17C1AAB51D9D6EBF00FF1B67 /* BFRImageViewerLocalizations.bundle */,
			);
			path = Resources;
			sourceTree = "<group>";
		};
		944B4DA21BFFC0C000B9BF87 = {
			isa = PBXGroup;
			children = (
				944B4DAD1BFFC0C000B9BF87 /* BFRImageViewer */,
				944B4DAC1BFFC0C000B9BF87 /* Products */,
				C56EC8D7F8FA116D743C33F9 /* Pods */,
				5191CE176EA32C80E7D64558 /* Frameworks */,
			);
			sourceTree = "<group>";
		};
		944B4DAC1BFFC0C000B9BF87 /* Products */ = {
			isa = PBXGroup;
			children = (
				944B4DAB1BFFC0C000B9BF87 /* BFRImageViewer.app */,
			);
			name = Products;
			sourceTree = "<group>";
		};
		944B4DAD1BFFC0C000B9BF87 /* BFRImageViewer */ = {
			isa = PBXGroup;
			children = (
				944B4DB11BFFC0C000B9BF87 /* AppDelegate.h */,
				944B4DB21BFFC0C000B9BF87 /* AppDelegate.m */,
				944B4DB41BFFC0C000B9BF87 /* FirstViewController.h */,
				944B4DB51BFFC0C000B9BF87 /* FirstViewController.m */,
				944B4DB71BFFC0C000B9BF87 /* SecondViewController.h */,
				944B4DB81BFFC0C000B9BF87 /* SecondViewController.m */,
				1797CB8F1E81BBB200D9F729 /* ThirdViewController.h */,
				1797CB901E81BBB200D9F729 /* ThirdViewController.m */,
				944B4DE41BFFC0E300B9BF87 /* BFRImageViewController */,
				944B4DBF1BFFC0C000B9BF87 /* LaunchScreen.storyboard */,
				944B4DC21BFFC0C000B9BF87 /* Info.plist */,
				944B4DAE1BFFC0C000B9BF87 /* Supporting Files */,
				171F4AD11E96C31400F4AF01 /* FourthViewController.h */,
				171F4AD21E96C31400F4AF01 /* FourthViewController.m */,
			);
			path = BFRImageViewer;
			sourceTree = "<group>";
		};
		944B4DAE1BFFC0C000B9BF87 /* Supporting Files */ = {
			isa = PBXGroup;
			children = (
				944B4DAF1BFFC0C000B9BF87 /* main.m */,
			);
			name = "Supporting Files";
			sourceTree = "<group>";
		};
		944B4DE41BFFC0E300B9BF87 /* BFRImageViewController */ = {
			isa = PBXGroup;
			children = (
				578DFD551CB6E7F400BFBD00 /* Resources */,
				944B4DE51BFFC0E300B9BF87 /* BFRImageContainerViewController.h */,
				944B4DE61BFFC0E300B9BF87 /* BFRImageContainerViewController.m */,
				944B4DE71BFFC0E300B9BF87 /* BFRImageViewController.h */,
				944B4DE81BFFC0E300B9BF87 /* BFRImageViewController.m */,
				17C1AAB91D9D702E00FF1B67 /* BFRImageViewerLocalizations.h */,
				1797CB8C1E81BB4F00D9F729 /* BFRImageTransitionAnimator.h */,
				1797CB8D1E81BB4F00D9F729 /* BFRImageTransitionAnimator.m */,
				171F4ACE1E96BE0500F4AF01 /* BFRBackLoadedImageSource.h */,
				171F4ACF1E96BE0500F4AF01 /* BFRBackLoadedImageSource.m */,
			);
			name = BFRImageViewController;
			path = ../../BFRImageViewController;
			sourceTree = "<group>";
		};
		C56EC8D7F8FA116D743C33F9 /* Pods */ = {
			isa = PBXGroup;
			children = (
				3C46F30D2C78F64E6BC23C87 /* Pods-BFRImageViewer.debug.xcconfig */,
				1264A436520DEA8753316972 /* Pods-BFRImageViewer.release.xcconfig */,
			);
			name = Pods;
			sourceTree = "<group>";
		};
/* End PBXGroup section */

/* Begin PBXNativeTarget section */
		944B4DAA1BFFC0C000B9BF87 /* BFRImageViewer */ = {
			isa = PBXNativeTarget;
			buildConfigurationList = 944B4DDB1BFFC0C000B9BF87 /* Build configuration list for PBXNativeTarget "BFRImageViewer" */;
			buildPhases = (
				4D3801A437227AB29824B953 /* [CP] Check Pods Manifest.lock */,
				944B4DA71BFFC0C000B9BF87 /* Sources */,
				944B4DA81BFFC0C000B9BF87 /* Frameworks */,
				944B4DA91BFFC0C000B9BF87 /* Resources */,
				978A01AA282D37386C67AD06 /* [CP] Embed Pods Frameworks */,
				FC7DE66A0F2E7C3D782C1853 /* [CP] Copy Pods Resources */,
			);
			buildRules = (
			);
			dependencies = (
			);
			name = BFRImageViewer;
			productName = BFRImageViewer;
			productReference = 944B4DAB1BFFC0C000B9BF87 /* BFRImageViewer.app */;
			productType = "com.apple.product-type.application";
		};
/* End PBXNativeTarget section */

/* Begin PBXProject section */
		944B4DA31BFFC0C000B9BF87 /* Project object */ = {
			isa = PBXProject;
			attributes = {
				LastUpgradeCheck = 0800;
				ORGANIZATIONNAME = "Andrew Yates";
				TargetAttributes = {
					944B4DAA1BFFC0C000B9BF87 = {
						CreatedOnToolsVersion = 7.1.1;
						DevelopmentTeam = UYDA63C4EC;
					};
				};
			};
			buildConfigurationList = 944B4DA61BFFC0C000B9BF87 /* Build configuration list for PBXProject "BFRImageViewer" */;
			compatibilityVersion = "Xcode 3.2";
			developmentRegion = English;
			hasScannedForEncodings = 0;
			knownRegions = (
				en,
				Base,
			);
			mainGroup = 944B4DA21BFFC0C000B9BF87;
			productRefGroup = 944B4DAC1BFFC0C000B9BF87 /* Products */;
			projectDirPath = "";
			projectRoot = "";
			targets = (
				944B4DAA1BFFC0C000B9BF87 /* BFRImageViewer */,
			);
		};
/* End PBXProject section */

/* Begin PBXResourcesBuildPhase section */
		944B4DA91BFFC0C000B9BF87 /* Resources */ = {
			isa = PBXResourcesBuildPhase;
			buildActionMask = 2147483647;
			files = (
				578DFD5C1CB6F17B00BFBD00 /* cross@2x.png in Resources */,
				944B4DC11BFFC0C000B9BF87 /* LaunchScreen.storyboard in Resources */,
				578DFD5D1CB6F17B00BFBD00 /* cross@3x.png in Resources */,
				578DFD5B1CB6F17B00BFBD00 /* cross.png in Resources */,
				17C1AAB61D9D6EBF00FF1B67 /* BFRImageViewerLocalizations.bundle in Resources */,
				171F4AD71E96D56D00F4AF01 /* lowResImage.png in Resources */,
			);
			runOnlyForDeploymentPostprocessing = 0;
		};
/* End PBXResourcesBuildPhase section */

/* Begin PBXShellScriptBuildPhase section */
		4D3801A437227AB29824B953 /* [CP] Check Pods Manifest.lock */ = {
			isa = PBXShellScriptBuildPhase;
			buildActionMask = 2147483647;
			files = (
			);
			inputPaths = (
			);
			name = "[CP] Check Pods Manifest.lock";
			outputPaths = (
			);
			runOnlyForDeploymentPostprocessing = 0;
			shellPath = /bin/sh;
			shellScript = "diff \"${PODS_ROOT}/../Podfile.lock\" \"${PODS_ROOT}/Manifest.lock\" > /dev/null\nif [ $? != 0 ] ; then\n    # print error to STDERR\n    echo \"error: The sandbox is not in sync with the Podfile.lock. Run 'pod install' or update your CocoaPods installation.\" >&2\n    exit 1\nfi\n";
			showEnvVarsInLog = 0;
		};
		978A01AA282D37386C67AD06 /* [CP] Embed Pods Frameworks */ = {
			isa = PBXShellScriptBuildPhase;
			buildActionMask = 2147483647;
			files = (
			);
			inputPaths = (
			);
			name = "[CP] Embed Pods Frameworks";
			outputPaths = (
			);
			runOnlyForDeploymentPostprocessing = 0;
			shellPath = /bin/sh;
			shellScript = "\"${SRCROOT}/Pods/Target Support Files/Pods-BFRImageViewer/Pods-BFRImageViewer-frameworks.sh\"\n";
			showEnvVarsInLog = 0;
		};
		FC7DE66A0F2E7C3D782C1853 /* [CP] Copy Pods Resources */ = {
			isa = PBXShellScriptBuildPhase;
			buildActionMask = 2147483647;
			files = (
			);
			inputPaths = (
			);
			name = "[CP] Copy Pods Resources";
			outputPaths = (
			);
			runOnlyForDeploymentPostprocessing = 0;
			shellPath = /bin/sh;
			shellScript = "\"${SRCROOT}/Pods/Target Support Files/Pods-BFRImageViewer/Pods-BFRImageViewer-resources.sh\"\n";
			showEnvVarsInLog = 0;
		};
/* End PBXShellScriptBuildPhase section */

/* Begin PBXSourcesBuildPhase section */
		944B4DA71BFFC0C000B9BF87 /* Sources */ = {
			isa = PBXSourcesBuildPhase;
			buildActionMask = 2147483647;
			files = (
				944B4DB91BFFC0C000B9BF87 /* SecondViewController.m in Sources */,
				1797CB8E1E81BB4F00D9F729 /* BFRImageTransitionAnimator.m in Sources */,
				1797CB911E81BBB200D9F729 /* ThirdViewController.m in Sources */,
				944B4DEA1BFFC0E300B9BF87 /* BFRImageViewController.m in Sources */,
				944B4DB31BFFC0C000B9BF87 /* AppDelegate.m in Sources */,
				171F4AD01E96BE0500F4AF01 /* BFRBackLoadedImageSource.m in Sources */,
				171F4AD31E96C31400F4AF01 /* FourthViewController.m in Sources */,
				944B4DE91BFFC0E300B9BF87 /* BFRImageContainerViewController.m in Sources */,
				944B4DB61BFFC0C000B9BF87 /* FirstViewController.m in Sources */,
				944B4DB01BFFC0C000B9BF87 /* main.m in Sources */,
			);
			runOnlyForDeploymentPostprocessing = 0;
		};
/* End PBXSourcesBuildPhase section */

/* Begin PBXVariantGroup section */
		944B4DBF1BFFC0C000B9BF87 /* LaunchScreen.storyboard */ = {
			isa = PBXVariantGroup;
			children = (
				944B4DC01BFFC0C000B9BF87 /* Base */,
			);
			name = LaunchScreen.storyboard;
			sourceTree = "<group>";
		};
/* End PBXVariantGroup section */

/* Begin XCBuildConfiguration section */
		944B4DD91BFFC0C000B9BF87 /* Debug */ = {
			isa = XCBuildConfiguration;
			buildSettings = {
				ALWAYS_SEARCH_USER_PATHS = NO;
				CLANG_ANALYZER_LOCALIZABILITY_NONLOCALIZED = YES;
				CLANG_CXX_LANGUAGE_STANDARD = "gnu++0x";
				CLANG_CXX_LIBRARY = "libc++";
				CLANG_ENABLE_MODULES = YES;
				CLANG_ENABLE_OBJC_ARC = YES;
				CLANG_WARN_BOOL_CONVERSION = YES;
				CLANG_WARN_CONSTANT_CONVERSION = YES;
				CLANG_WARN_DIRECT_OBJC_ISA_USAGE = YES_ERROR;
				CLANG_WARN_EMPTY_BODY = YES;
				CLANG_WARN_ENUM_CONVERSION = YES;
				CLANG_WARN_INFINITE_RECURSION = YES;
				CLANG_WARN_INT_CONVERSION = YES;
				CLANG_WARN_OBJC_ROOT_CLASS = YES_ERROR;
				CLANG_WARN_SUSPICIOUS_MOVE = YES;
				CLANG_WARN_UNREACHABLE_CODE = YES;
				CLANG_WARN__DUPLICATE_METHOD_MATCH = YES;
				"CODE_SIGN_IDENTITY[sdk=iphoneos*]" = "iPhone Developer";
				COPY_PHASE_STRIP = NO;
				DEBUG_INFORMATION_FORMAT = dwarf;
				ENABLE_STRICT_OBJC_MSGSEND = YES;
				ENABLE_TESTABILITY = YES;
				GCC_C_LANGUAGE_STANDARD = gnu99;
				GCC_DYNAMIC_NO_PIC = NO;
				GCC_NO_COMMON_BLOCKS = YES;
				GCC_OPTIMIZATION_LEVEL = 0;
				GCC_PREPROCESSOR_DEFINITIONS = (
					"DEBUG=1",
					"$(inherited)",
				);
				GCC_WARN_64_TO_32_BIT_CONVERSION = YES;
				GCC_WARN_ABOUT_RETURN_TYPE = YES_ERROR;
				GCC_WARN_UNDECLARED_SELECTOR = YES;
				GCC_WARN_UNINITIALIZED_AUTOS = YES_AGGRESSIVE;
				GCC_WARN_UNUSED_FUNCTION = YES;
				GCC_WARN_UNUSED_VARIABLE = YES;
				IPHONEOS_DEPLOYMENT_TARGET = 9.0;
				MTL_ENABLE_DEBUG_INFO = YES;
				ONLY_ACTIVE_ARCH = YES;
				SDKROOT = iphoneos;
				TARGETED_DEVICE_FAMILY = "1,2";
			};
			name = Debug;
		};
		944B4DDA1BFFC0C000B9BF87 /* Release */ = {
			isa = XCBuildConfiguration;
			buildSettings = {
				ALWAYS_SEARCH_USER_PATHS = NO;
				CLANG_ANALYZER_LOCALIZABILITY_NONLOCALIZED = YES;
				CLANG_CXX_LANGUAGE_STANDARD = "gnu++0x";
				CLANG_CXX_LIBRARY = "libc++";
				CLANG_ENABLE_MODULES = YES;
				CLANG_ENABLE_OBJC_ARC = YES;
				CLANG_WARN_BOOL_CONVERSION = YES;
				CLANG_WARN_CONSTANT_CONVERSION = YES;
				CLANG_WARN_DIRECT_OBJC_ISA_USAGE = YES_ERROR;
				CLANG_WARN_EMPTY_BODY = YES;
				CLANG_WARN_ENUM_CONVERSION = YES;
				CLANG_WARN_INFINITE_RECURSION = YES;
				CLANG_WARN_INT_CONVERSION = YES;
				CLANG_WARN_OBJC_ROOT_CLASS = YES_ERROR;
				CLANG_WARN_SUSPICIOUS_MOVE = YES;
				CLANG_WARN_UNREACHABLE_CODE = YES;
				CLANG_WARN__DUPLICATE_METHOD_MATCH = YES;
				"CODE_SIGN_IDENTITY[sdk=iphoneos*]" = "iPhone Developer";
				COPY_PHASE_STRIP = NO;
				DEBUG_INFORMATION_FORMAT = "dwarf-with-dsym";
				ENABLE_NS_ASSERTIONS = NO;
				ENABLE_STRICT_OBJC_MSGSEND = YES;
				GCC_C_LANGUAGE_STANDARD = gnu99;
				GCC_NO_COMMON_BLOCKS = YES;
				GCC_WARN_64_TO_32_BIT_CONVERSION = YES;
				GCC_WARN_ABOUT_RETURN_TYPE = YES_ERROR;
				GCC_WARN_UNDECLARED_SELECTOR = YES;
				GCC_WARN_UNINITIALIZED_AUTOS = YES_AGGRESSIVE;
				GCC_WARN_UNUSED_FUNCTION = YES;
				GCC_WARN_UNUSED_VARIABLE = YES;
				IPHONEOS_DEPLOYMENT_TARGET = 9.0;
				MTL_ENABLE_DEBUG_INFO = NO;
				SDKROOT = iphoneos;
				TARGETED_DEVICE_FAMILY = "1,2";
				VALIDATE_PRODUCT = YES;
			};
			name = Release;
		};
		944B4DDC1BFFC0C000B9BF87 /* Debug */ = {
			isa = XCBuildConfiguration;
			baseConfigurationReference = 3C46F30D2C78F64E6BC23C87 /* Pods-BFRImageViewer.debug.xcconfig */;
			buildSettings = {
				ASSETCATALOG_COMPILER_APPICON_NAME = AppIcon;
				DEVELOPMENT_TEAM = UYDA63C4EC;
				INFOPLIST_FILE = BFRImageViewer/Info.plist;
				LD_RUNPATH_SEARCH_PATHS = "$(inherited) @executable_path/Frameworks";
				PRODUCT_BUNDLE_IDENTIFIER = com.buffer.BFRImageViewer;
				PRODUCT_NAME = "$(TARGET_NAME)";
			};
			name = Debug;
		};
		944B4DDD1BFFC0C000B9BF87 /* Release */ = {
			isa = XCBuildConfiguration;
			baseConfigurationReference = 1264A436520DEA8753316972 /* Pods-BFRImageViewer.release.xcconfig */;
			buildSettings = {
				ASSETCATALOG_COMPILER_APPICON_NAME = AppIcon;
				DEVELOPMENT_TEAM = UYDA63C4EC;
				INFOPLIST_FILE = BFRImageViewer/Info.plist;
				LD_RUNPATH_SEARCH_PATHS = "$(inherited) @executable_path/Frameworks";
				PRODUCT_BUNDLE_IDENTIFIER = com.buffer.BFRImageViewer;
				PRODUCT_NAME = "$(TARGET_NAME)";
			};
			name = Release;
		};
/* End XCBuildConfiguration section */

/* Begin XCConfigurationList section */
		944B4DA61BFFC0C000B9BF87 /* Build configuration list for PBXProject "BFRImageViewer" */ = {
			isa = XCConfigurationList;
			buildConfigurations = (
				944B4DD91BFFC0C000B9BF87 /* Debug */,
				944B4DDA1BFFC0C000B9BF87 /* Release */,
			);
			defaultConfigurationIsVisible = 0;
			defaultConfigurationName = Release;
		};
		944B4DDB1BFFC0C000B9BF87 /* Build configuration list for PBXNativeTarget "BFRImageViewer" */ = {
			isa = XCConfigurationList;
			buildConfigurations = (
				944B4DDC1BFFC0C000B9BF87 /* Debug */,
				944B4DDD1BFFC0C000B9BF87 /* Release */,
			);
			defaultConfigurationIsVisible = 0;
			defaultConfigurationName = Release;
		};
/* End XCConfigurationList section */
	};
	rootObject = 944B4DA31BFFC0C000B9BF87 /* Project object */;
}
