// !$*UTF8*$!
{
	archiveVersion = 1;
	classes = {
	};
	objectVersion = 46;
	objects = {

/* Begin PBXBuildFile section */
		07CD680D7C0A67961949D4BC /* Pods_BFRImageViewer.framework in Frameworks */ = {isa = PBXBuildFile; fileRef = C28758915D2B4BE8DAD7A9DA /* Pods_BFRImageViewer.framework */; };
		21C1D1C16AD6D2070AB1AEA9 /* Pods_BFRImageViewerTests.framework in Frameworks */ = {isa = PBXBuildFile; fileRef = B0ACA129A7171200D609F763 /* Pods_BFRImageViewerTests.framework */; };
		24E3767F1D0D2CEF00180398 /* BufferImageContainerViewController.swift in Sources */ = {isa = PBXBuildFile; fileRef = 24E3767D1D0D2CEF00180398 /* BufferImageContainerViewController.swift */; };
		24E376801D0D2CEF00180398 /* BufferImageViewController.swift in Sources */ = {isa = PBXBuildFile; fileRef = 24E3767E1D0D2CEF00180398 /* BufferImageViewController.swift */; };
		24E376821D0D2E2900180398 /* BufferImageRetriever.swift in Sources */ = {isa = PBXBuildFile; fileRef = 24E376811D0D2E2900180398 /* BufferImageRetriever.swift */; };
		24E376841D0D2F6E00180398 /* BufferImageContainerViewController+SDWebImage.swift in Sources */ = {isa = PBXBuildFile; fileRef = 24E376831D0D2F6E00180398 /* BufferImageContainerViewController+SDWebImage.swift */; };
		2A6CFCD9D7838835E54B89DE /* Pods_BFRImageViewerUITests.framework in Frameworks */ = {isa = PBXBuildFile; fileRef = FAB376418002F8D72E33AEEE /* Pods_BFRImageViewerUITests.framework */; };
		578DFD5B1CB6F17B00BFBD00 /* cross.png in Resources */ = {isa = PBXBuildFile; fileRef = 578DFD581CB6F17B00BFBD00 /* cross.png */; };
		578DFD5C1CB6F17B00BFBD00 /* cross@2x.png in Resources */ = {isa = PBXBuildFile; fileRef = 578DFD591CB6F17B00BFBD00 /* cross@2x.png */; };
		578DFD5D1CB6F17B00BFBD00 /* cross@3x.png in Resources */ = {isa = PBXBuildFile; fileRef = 578DFD5A1CB6F17B00BFBD00 /* cross@3x.png */; };
		944B4DB01BFFC0C000B9BF87 /* main.m in Sources */ = {isa = PBXBuildFile; fileRef = 944B4DAF1BFFC0C000B9BF87 /* main.m */; };
		944B4DB31BFFC0C000B9BF87 /* AppDelegate.m in Sources */ = {isa = PBXBuildFile; fileRef = 944B4DB21BFFC0C000B9BF87 /* AppDelegate.m */; };
		944B4DB61BFFC0C000B9BF87 /* FirstViewController.m in Sources */ = {isa = PBXBuildFile; fileRef = 944B4DB51BFFC0C000B9BF87 /* FirstViewController.m */; };
		944B4DB91BFFC0C000B9BF87 /* SecondViewController.m in Sources */ = {isa = PBXBuildFile; fileRef = 944B4DB81BFFC0C000B9BF87 /* SecondViewController.m */; };
		944B4DBC1BFFC0C000B9BF87 /* Main.storyboard in Resources */ = {isa = PBXBuildFile; fileRef = 944B4DBA1BFFC0C000B9BF87 /* Main.storyboard */; };
		944B4DBE1BFFC0C000B9BF87 /* Assets.xcassets in Resources */ = {isa = PBXBuildFile; fileRef = 944B4DBD1BFFC0C000B9BF87 /* Assets.xcassets */; };
		944B4DC11BFFC0C000B9BF87 /* LaunchScreen.storyboard in Resources */ = {isa = PBXBuildFile; fileRef = 944B4DBF1BFFC0C000B9BF87 /* LaunchScreen.storyboard */; };
		944B4DCC1BFFC0C000B9BF87 /* BFRImageViewerTests.m in Sources */ = {isa = PBXBuildFile; fileRef = 944B4DCB1BFFC0C000B9BF87 /* BFRImageViewerTests.m */; };
		944B4DD71BFFC0C000B9BF87 /* BFRImageViewerUITests.m in Sources */ = {isa = PBXBuildFile; fileRef = 944B4DD61BFFC0C000B9BF87 /* BFRImageViewerUITests.m */; };
/* End PBXBuildFile section */

/* Begin PBXContainerItemProxy section */
		944B4DC81BFFC0C000B9BF87 /* PBXContainerItemProxy */ = {
			isa = PBXContainerItemProxy;
			containerPortal = 944B4DA31BFFC0C000B9BF87 /* Project object */;
			proxyType = 1;
			remoteGlobalIDString = 944B4DAA1BFFC0C000B9BF87;
			remoteInfo = BFRImageViewer;
		};
		944B4DD31BFFC0C000B9BF87 /* PBXContainerItemProxy */ = {
			isa = PBXContainerItemProxy;
			containerPortal = 944B4DA31BFFC0C000B9BF87 /* Project object */;
			proxyType = 1;
			remoteGlobalIDString = 944B4DAA1BFFC0C000B9BF87;
			remoteInfo = BFRImageViewer;
		};
/* End PBXContainerItemProxy section */

/* Begin PBXFileReference section */
		24E3767D1D0D2CEF00180398 /* BufferImageContainerViewController.swift */ = {isa = PBXFileReference; fileEncoding = 4; lastKnownFileType = sourcecode.swift; path = BufferImageContainerViewController.swift; sourceTree = "<group>"; };
		24E3767E1D0D2CEF00180398 /* BufferImageViewController.swift */ = {isa = PBXFileReference; fileEncoding = 4; lastKnownFileType = sourcecode.swift; path = BufferImageViewController.swift; sourceTree = "<group>"; };
		24E376811D0D2E2900180398 /* BufferImageRetriever.swift */ = {isa = PBXFileReference; fileEncoding = 4; lastKnownFileType = sourcecode.swift; path = BufferImageRetriever.swift; sourceTree = "<group>"; };
		24E376831D0D2F6E00180398 /* BufferImageContainerViewController+SDWebImage.swift */ = {isa = PBXFileReference; fileEncoding = 4; lastKnownFileType = sourcecode.swift; path = "BufferImageContainerViewController+SDWebImage.swift"; sourceTree = "<group>"; };
		2AAE50DFA6FE9AE0F4AA183D /* Pods-BFRImageViewer.release.xcconfig */ = {isa = PBXFileReference; includeInIndex = 1; lastKnownFileType = text.xcconfig; name = "Pods-BFRImageViewer.release.xcconfig"; path = "Pods/Target Support Files/Pods-BFRImageViewer/Pods-BFRImageViewer.release.xcconfig"; sourceTree = "<group>"; };
		35E79692E7A8DCABB88250EC /* Pods-BFRImageViewerUITests.release.xcconfig */ = {isa = PBXFileReference; includeInIndex = 1; lastKnownFileType = text.xcconfig; name = "Pods-BFRImageViewerUITests.release.xcconfig"; path = "Pods/Target Support Files/Pods-BFRImageViewerUITests/Pods-BFRImageViewerUITests.release.xcconfig"; sourceTree = "<group>"; };
		578DFD581CB6F17B00BFBD00 /* cross.png */ = {isa = PBXFileReference; lastKnownFileType = image.png; path = cross.png; sourceTree = "<group>"; };
		578DFD591CB6F17B00BFBD00 /* cross@2x.png */ = {isa = PBXFileReference; lastKnownFileType = image.png; path = "cross@2x.png"; sourceTree = "<group>"; };
		578DFD5A1CB6F17B00BFBD00 /* cross@3x.png */ = {isa = PBXFileReference; lastKnownFileType = image.png; path = "cross@3x.png"; sourceTree = "<group>"; };
		72BE0EC5CD8C4D02A26996C5 /* Pods-BFRImageViewer.debug.xcconfig */ = {isa = PBXFileReference; includeInIndex = 1; lastKnownFileType = text.xcconfig; name = "Pods-BFRImageViewer.debug.xcconfig"; path = "Pods/Target Support Files/Pods-BFRImageViewer/Pods-BFRImageViewer.debug.xcconfig"; sourceTree = "<group>"; };
		944B4DAB1BFFC0C000B9BF87 /* BFRImageViewer.app */ = {isa = PBXFileReference; explicitFileType = wrapper.application; includeInIndex = 0; path = BFRImageViewer.app; sourceTree = BUILT_PRODUCTS_DIR; };
		944B4DAF1BFFC0C000B9BF87 /* main.m */ = {isa = PBXFileReference; lastKnownFileType = sourcecode.c.objc; path = main.m; sourceTree = "<group>"; };
		944B4DB11BFFC0C000B9BF87 /* AppDelegate.h */ = {isa = PBXFileReference; lastKnownFileType = sourcecode.c.h; path = AppDelegate.h; sourceTree = "<group>"; };
		944B4DB21BFFC0C000B9BF87 /* AppDelegate.m */ = {isa = PBXFileReference; lastKnownFileType = sourcecode.c.objc; path = AppDelegate.m; sourceTree = "<group>"; };
		944B4DB41BFFC0C000B9BF87 /* FirstViewController.h */ = {isa = PBXFileReference; lastKnownFileType = sourcecode.c.h; path = FirstViewController.h; sourceTree = "<group>"; };
		944B4DB51BFFC0C000B9BF87 /* FirstViewController.m */ = {isa = PBXFileReference; lastKnownFileType = sourcecode.c.objc; path = FirstViewController.m; sourceTree = "<group>"; };
		944B4DB71BFFC0C000B9BF87 /* SecondViewController.h */ = {isa = PBXFileReference; lastKnownFileType = sourcecode.c.h; path = SecondViewController.h; sourceTree = "<group>"; };
		944B4DB81BFFC0C000B9BF87 /* SecondViewController.m */ = {isa = PBXFileReference; lastKnownFileType = sourcecode.c.objc; path = SecondViewController.m; sourceTree = "<group>"; };
		944B4DBB1BFFC0C000B9BF87 /* Base */ = {isa = PBXFileReference; lastKnownFileType = file.storyboard; name = Base; path = Base.lproj/Main.storyboard; sourceTree = "<group>"; };
		944B4DBD1BFFC0C000B9BF87 /* Assets.xcassets */ = {isa = PBXFileReference; lastKnownFileType = folder.assetcatalog; path = Assets.xcassets; sourceTree = "<group>"; };
		944B4DC01BFFC0C000B9BF87 /* Base */ = {isa = PBXFileReference; lastKnownFileType = file.storyboard; name = Base; path = Base.lproj/LaunchScreen.storyboard; sourceTree = "<group>"; };
		944B4DC21BFFC0C000B9BF87 /* Info.plist */ = {isa = PBXFileReference; lastKnownFileType = text.plist.xml; path = Info.plist; sourceTree = "<group>"; };
		944B4DC71BFFC0C000B9BF87 /* BFRImageViewerTests.xctest */ = {isa = PBXFileReference; explicitFileType = wrapper.cfbundle; includeInIndex = 0; path = BFRImageViewerTests.xctest; sourceTree = BUILT_PRODUCTS_DIR; };
		944B4DCB1BFFC0C000B9BF87 /* BFRImageViewerTests.m */ = {isa = PBXFileReference; lastKnownFileType = sourcecode.c.objc; path = BFRImageViewerTests.m; sourceTree = "<group>"; };
		944B4DCD1BFFC0C000B9BF87 /* Info.plist */ = {isa = PBXFileReference; lastKnownFileType = text.plist.xml; path = Info.plist; sourceTree = "<group>"; };
		944B4DD21BFFC0C000B9BF87 /* BFRImageViewerUITests.xctest */ = {isa = PBXFileReference; explicitFileType = wrapper.cfbundle; includeInIndex = 0; path = BFRImageViewerUITests.xctest; sourceTree = BUILT_PRODUCTS_DIR; };
		944B4DD61BFFC0C000B9BF87 /* BFRImageViewerUITests.m */ = {isa = PBXFileReference; lastKnownFileType = sourcecode.c.objc; path = BFRImageViewerUITests.m; sourceTree = "<group>"; };
		944B4DD81BFFC0C000B9BF87 /* Info.plist */ = {isa = PBXFileReference; lastKnownFileType = text.plist.xml; path = Info.plist; sourceTree = "<group>"; };
		B0ACA129A7171200D609F763 /* Pods_BFRImageViewerTests.framework */ = {isa = PBXFileReference; explicitFileType = wrapper.framework; includeInIndex = 0; path = Pods_BFRImageViewerTests.framework; sourceTree = BUILT_PRODUCTS_DIR; };
		B7BA2A586F519194BD3FAFA8 /* Pods-BFRImageViewerUITests.debug.xcconfig */ = {isa = PBXFileReference; includeInIndex = 1; lastKnownFileType = text.xcconfig; name = "Pods-BFRImageViewerUITests.debug.xcconfig"; path = "Pods/Target Support Files/Pods-BFRImageViewerUITests/Pods-BFRImageViewerUITests.debug.xcconfig"; sourceTree = "<group>"; };
		C28758915D2B4BE8DAD7A9DA /* Pods_BFRImageViewer.framework */ = {isa = PBXFileReference; explicitFileType = wrapper.framework; includeInIndex = 0; path = Pods_BFRImageViewer.framework; sourceTree = BUILT_PRODUCTS_DIR; };
		CCA7C454BD908EFC36038279 /* Pods-BFRImageViewerTests.debug.xcconfig */ = {isa = PBXFileReference; includeInIndex = 1; lastKnownFileType = text.xcconfig; name = "Pods-BFRImageViewerTests.debug.xcconfig"; path = "Pods/Target Support Files/Pods-BFRImageViewerTests/Pods-BFRImageViewerTests.debug.xcconfig"; sourceTree = "<group>"; };
		D84786945315F77E869C4418 /* Pods-BFRImageViewerTests.release.xcconfig */ = {isa = PBXFileReference; includeInIndex = 1; lastKnownFileType = text.xcconfig; name = "Pods-BFRImageViewerTests.release.xcconfig"; path = "Pods/Target Support Files/Pods-BFRImageViewerTests/Pods-BFRImageViewerTests.release.xcconfig"; sourceTree = "<group>"; };
		FAB376418002F8D72E33AEEE /* Pods_BFRImageViewerUITests.framework */ = {isa = PBXFileReference; explicitFileType = wrapper.framework; includeInIndex = 0; path = Pods_BFRImageViewerUITests.framework; sourceTree = BUILT_PRODUCTS_DIR; };
/* End PBXFileReference section */

/* Begin PBXFrameworksBuildPhase section */
		944B4DA81BFFC0C000B9BF87 /* Frameworks */ = {
			isa = PBXFrameworksBuildPhase;
			buildActionMask = 2147483647;
			files = (
				07CD680D7C0A67961949D4BC /* Pods_BFRImageViewer.framework in Frameworks */,
			);
			runOnlyForDeploymentPostprocessing = 0;
		};
		944B4DC41BFFC0C000B9BF87 /* Frameworks */ = {
			isa = PBXFrameworksBuildPhase;
			buildActionMask = 2147483647;
			files = (
				21C1D1C16AD6D2070AB1AEA9 /* Pods_BFRImageViewerTests.framework in Frameworks */,
			);
			runOnlyForDeploymentPostprocessing = 0;
		};
		944B4DCF1BFFC0C000B9BF87 /* Frameworks */ = {
			isa = PBXFrameworksBuildPhase;
			buildActionMask = 2147483647;
			files = (
				2A6CFCD9D7838835E54B89DE /* Pods_BFRImageViewerUITests.framework in Frameworks */,
			);
			runOnlyForDeploymentPostprocessing = 0;
		};
/* End PBXFrameworksBuildPhase section */

/* Begin PBXGroup section */
		578DFD551CB6E7F400BFBD00 /* Resources */ = {
			isa = PBXGroup;
			children = (
				578DFD581CB6F17B00BFBD00 /* cross.png */,
				578DFD591CB6F17B00BFBD00 /* cross@2x.png */,
				578DFD5A1CB6F17B00BFBD00 /* cross@3x.png */,
			);
			path = Resources;
			sourceTree = "<group>";
		};
		944B4DA21BFFC0C000B9BF87 = {
			isa = PBXGroup;
			children = (
				944B4DAD1BFFC0C000B9BF87 /* BFRImageViewer */,
				944B4DCA1BFFC0C000B9BF87 /* BFRImageViewerTests */,
				944B4DD51BFFC0C000B9BF87 /* BFRImageViewerUITests */,
				944B4DAC1BFFC0C000B9BF87 /* Products */,
				AFE464DD5C01604A748ED624 /* Pods */,
				B12DB3835D2F5E7DE70A0F3B /* Frameworks */,
			);
			sourceTree = "<group>";
		};
		944B4DAC1BFFC0C000B9BF87 /* Products */ = {
			isa = PBXGroup;
			children = (
				944B4DAB1BFFC0C000B9BF87 /* BFRImageViewer.app */,
				944B4DC71BFFC0C000B9BF87 /* BFRImageViewerTests.xctest */,
				944B4DD21BFFC0C000B9BF87 /* BFRImageViewerUITests.xctest */,
			);
			name = Products;
			sourceTree = "<group>";
		};
		944B4DAD1BFFC0C000B9BF87 /* BFRImageViewer */ = {
			isa = PBXGroup;
			children = (
				944B4DB11BFFC0C000B9BF87 /* AppDelegate.h */,
				944B4DB21BFFC0C000B9BF87 /* AppDelegate.m */,
				944B4DB41BFFC0C000B9BF87 /* FirstViewController.h */,
				944B4DB51BFFC0C000B9BF87 /* FirstViewController.m */,
				944B4DB71BFFC0C000B9BF87 /* SecondViewController.h */,
				944B4DB81BFFC0C000B9BF87 /* SecondViewController.m */,
				944B4DE41BFFC0E300B9BF87 /* BFRImageViewController */,
				944B4DBA1BFFC0C000B9BF87 /* Main.storyboard */,
				944B4DBD1BFFC0C000B9BF87 /* Assets.xcassets */,
				944B4DBF1BFFC0C000B9BF87 /* LaunchScreen.storyboard */,
				944B4DC21BFFC0C000B9BF87 /* Info.plist */,
				944B4DAE1BFFC0C000B9BF87 /* Supporting Files */,
			);
			path = BFRImageViewer;
			sourceTree = "<group>";
		};
		944B4DAE1BFFC0C000B9BF87 /* Supporting Files */ = {
			isa = PBXGroup;
			children = (
				944B4DAF1BFFC0C000B9BF87 /* main.m */,
			);
			name = "Supporting Files";
			sourceTree = "<group>";
		};
		944B4DCA1BFFC0C000B9BF87 /* BFRImageViewerTests */ = {
			isa = PBXGroup;
			children = (
				944B4DCB1BFFC0C000B9BF87 /* BFRImageViewerTests.m */,
				944B4DCD1BFFC0C000B9BF87 /* Info.plist */,
			);
			path = BFRImageViewerTests;
			sourceTree = "<group>";
		};
		944B4DD51BFFC0C000B9BF87 /* BFRImageViewerUITests */ = {
			isa = PBXGroup;
			children = (
				944B4DD61BFFC0C000B9BF87 /* BFRImageViewerUITests.m */,
				944B4DD81BFFC0C000B9BF87 /* Info.plist */,
			);
			path = BFRImageViewerUITests;
			sourceTree = "<group>";
		};
		944B4DE41BFFC0E300B9BF87 /* BFRImageViewController */ = {
			isa = PBXGroup;
			children = (
				24E3767D1D0D2CEF00180398 /* BufferImageContainerViewController.swift */,
				24E376831D0D2F6E00180398 /* BufferImageContainerViewController+SDWebImage.swift */,
				24E3767E1D0D2CEF00180398 /* BufferImageViewController.swift */,
				24E376811D0D2E2900180398 /* BufferImageRetriever.swift */,
				578DFD551CB6E7F400BFBD00 /* Resources */,
			);
			name = BFRImageViewController;
			path = ../../BFRImageViewController;
			sourceTree = "<group>";
		};
		AFE464DD5C01604A748ED624 /* Pods */ = {
			isa = PBXGroup;
			children = (
				72BE0EC5CD8C4D02A26996C5 /* Pods-BFRImageViewer.debug.xcconfig */,
				2AAE50DFA6FE9AE0F4AA183D /* Pods-BFRImageViewer.release.xcconfig */,
				CCA7C454BD908EFC36038279 /* Pods-BFRImageViewerTests.debug.xcconfig */,
				D84786945315F77E869C4418 /* Pods-BFRImageViewerTests.release.xcconfig */,
				B7BA2A586F519194BD3FAFA8 /* Pods-BFRImageViewerUITests.debug.xcconfig */,
				35E79692E7A8DCABB88250EC /* Pods-BFRImageViewerUITests.release.xcconfig */,
			);
			name = Pods;
			sourceTree = "<group>";
		};
		B12DB3835D2F5E7DE70A0F3B /* Frameworks */ = {
			isa = PBXGroup;
			children = (
				C28758915D2B4BE8DAD7A9DA /* Pods_BFRImageViewer.framework */,
				B0ACA129A7171200D609F763 /* Pods_BFRImageViewerTests.framework */,
				FAB376418002F8D72E33AEEE /* Pods_BFRImageViewerUITests.framework */,
			);
			name = Frameworks;
			sourceTree = "<group>";
		};
/* End PBXGroup section */

/* Begin PBXNativeTarget section */
		944B4DAA1BFFC0C000B9BF87 /* BFRImageViewer */ = {
			isa = PBXNativeTarget;
			buildConfigurationList = 944B4DDB1BFFC0C000B9BF87 /* Build configuration list for PBXNativeTarget "BFRImageViewer" */;
			buildPhases = (
				B51FCAE1FD20F8D48D02CD0C /* [CP] Check Pods Manifest.lock */,
				944B4DA71BFFC0C000B9BF87 /* Sources */,
				944B4DA81BFFC0C000B9BF87 /* Frameworks */,
				944B4DA91BFFC0C000B9BF87 /* Resources */,
				0F5E06F65F5CDC2231C2AFC0 /* [CP] Embed Pods Frameworks */,
				B94CADC0D90CDDB4292E373E /* [CP] Copy Pods Resources */,
			);
			buildRules = (
			);
			dependencies = (
			);
			name = BFRImageViewer;
			productName = BFRImageViewer;
			productReference = 944B4DAB1BFFC0C000B9BF87 /* BFRImageViewer.app */;
			productType = "com.apple.product-type.application";
		};
		944B4DC61BFFC0C000B9BF87 /* BFRImageViewerTests */ = {
			isa = PBXNativeTarget;
			buildConfigurationList = 944B4DDE1BFFC0C000B9BF87 /* Build configuration list for PBXNativeTarget "BFRImageViewerTests" */;
			buildPhases = (
				2B68B60FE247EA10570C1E27 /* [CP] Check Pods Manifest.lock */,
				944B4DC31BFFC0C000B9BF87 /* Sources */,
				944B4DC41BFFC0C000B9BF87 /* Frameworks */,
				944B4DC51BFFC0C000B9BF87 /* Resources */,
				75F83FD6DCE7C055503BC8C3 /* [CP] Embed Pods Frameworks */,
				2F11D6290FC0950B88C0F62B /* [CP] Copy Pods Resources */,
			);
			buildRules = (
			);
			dependencies = (
				944B4DC91BFFC0C000B9BF87 /* PBXTargetDependency */,
			);
			name = BFRImageViewerTests;
			productName = BFRImageViewerTests;
			productReference = 944B4DC71BFFC0C000B9BF87 /* BFRImageViewerTests.xctest */;
			productType = "com.apple.product-type.bundle.unit-test";
		};
		944B4DD11BFFC0C000B9BF87 /* BFRImageViewerUITests */ = {
			isa = PBXNativeTarget;
			buildConfigurationList = 944B4DE11BFFC0C000B9BF87 /* Build configuration list for PBXNativeTarget "BFRImageViewerUITests" */;
			buildPhases = (
				73C23DB8278C660F101CF600 /* [CP] Check Pods Manifest.lock */,
				944B4DCE1BFFC0C000B9BF87 /* Sources */,
				944B4DCF1BFFC0C000B9BF87 /* Frameworks */,
				944B4DD01BFFC0C000B9BF87 /* Resources */,
				12A43A0FB2B39B757522B55F /* [CP] Copy Pods Resources */,
			);
			buildRules = (
			);
			dependencies = (
				944B4DD41BFFC0C000B9BF87 /* PBXTargetDependency */,
			);
			name = BFRImageViewerUITests;
			productName = BFRImageViewerUITests;
			productReference = 944B4DD21BFFC0C000B9BF87 /* BFRImageViewerUITests.xctest */;
			productType = "com.apple.product-type.bundle.ui-testing";
		};
/* End PBXNativeTarget section */

/* Begin PBXProject section */
		944B4DA31BFFC0C000B9BF87 /* Project object */ = {
			isa = PBXProject;
			attributes = {
				LastSwiftUpdateCheck = 0730;
				LastUpgradeCheck = 0710;
				ORGANIZATIONNAME = "Andrew Yates";
				TargetAttributes = {
					944B4DAA1BFFC0C000B9BF87 = {
						CreatedOnToolsVersion = 7.1.1;
					};
					944B4DC61BFFC0C000B9BF87 = {
						CreatedOnToolsVersion = 7.1.1;
						TestTargetID = 944B4DAA1BFFC0C000B9BF87;
					};
					944B4DD11BFFC0C000B9BF87 = {
						CreatedOnToolsVersion = 7.1.1;
						TestTargetID = 944B4DAA1BFFC0C000B9BF87;
					};
				};
			};
			buildConfigurationList = 944B4DA61BFFC0C000B9BF87 /* Build configuration list for PBXProject "BFRImageViewer" */;
			compatibilityVersion = "Xcode 3.2";
			developmentRegion = English;
			hasScannedForEncodings = 0;
			knownRegions = (
				en,
				Base,
			);
			mainGroup = 944B4DA21BFFC0C000B9BF87;
			productRefGroup = 944B4DAC1BFFC0C000B9BF87 /* Products */;
			projectDirPath = "";
			projectRoot = "";
			targets = (
				944B4DAA1BFFC0C000B9BF87 /* BFRImageViewer */,
				944B4DC61BFFC0C000B9BF87 /* BFRImageViewerTests */,
				944B4DD11BFFC0C000B9BF87 /* BFRImageViewerUITests */,
			);
		};
/* End PBXProject section */

/* Begin PBXResourcesBuildPhase section */
		944B4DA91BFFC0C000B9BF87 /* Resources */ = {
			isa = PBXResourcesBuildPhase;
			buildActionMask = 2147483647;
			files = (
				578DFD5C1CB6F17B00BFBD00 /* cross@2x.png in Resources */,
				944B4DC11BFFC0C000B9BF87 /* LaunchScreen.storyboard in Resources */,
				578DFD5D1CB6F17B00BFBD00 /* cross@3x.png in Resources */,
				944B4DBE1BFFC0C000B9BF87 /* Assets.xcassets in Resources */,
				578DFD5B1CB6F17B00BFBD00 /* cross.png in Resources */,
				944B4DBC1BFFC0C000B9BF87 /* Main.storyboard in Resources */,
			);
			runOnlyForDeploymentPostprocessing = 0;
		};
		944B4DC51BFFC0C000B9BF87 /* Resources */ = {
			isa = PBXResourcesBuildPhase;
			buildActionMask = 2147483647;
			files = (
			);
			runOnlyForDeploymentPostprocessing = 0;
		};
		944B4DD01BFFC0C000B9BF87 /* Resources */ = {
			isa = PBXResourcesBuildPhase;
			buildActionMask = 2147483647;
			files = (
			);
			runOnlyForDeploymentPostprocessing = 0;
		};
/* End PBXResourcesBuildPhase section */

/* Begin PBXShellScriptBuildPhase section */
		0F5E06F65F5CDC2231C2AFC0 /* [CP] Embed Pods Frameworks */ = {
			isa = PBXShellScriptBuildPhase;
			buildActionMask = 2147483647;
			files = (
			);
			inputPaths = (
			);
			name = "[CP] Embed Pods Frameworks";
			outputPaths = (
			);
			runOnlyForDeploymentPostprocessing = 0;
			shellPath = /bin/sh;
			shellScript = "\"${SRCROOT}/Pods/Target Support Files/Pods-BFRImageViewer/Pods-BFRImageViewer-frameworks.sh\"\n";
			showEnvVarsInLog = 0;
		};
		12A43A0FB2B39B757522B55F /* [CP] Copy Pods Resources */ = {
			isa = PBXShellScriptBuildPhase;
			buildActionMask = 2147483647;
			files = (
			);
			inputPaths = (
			);
			name = "[CP] Copy Pods Resources";
			outputPaths = (
			);
			runOnlyForDeploymentPostprocessing = 0;
			shellPath = /bin/sh;
			shellScript = "\"${SRCROOT}/Pods/Target Support Files/Pods-BFRImageViewerUITests/Pods-BFRImageViewerUITests-resources.sh\"\n";
			showEnvVarsInLog = 0;
		};
		2B68B60FE247EA10570C1E27 /* [CP] Check Pods Manifest.lock */ = {
			isa = PBXShellScriptBuildPhase;
			buildActionMask = 2147483647;
			files = (
			);
			inputPaths = (
			);
			name = "[CP] Check Pods Manifest.lock";
			outputPaths = (
			);
			runOnlyForDeploymentPostprocessing = 0;
			shellPath = /bin/sh;
			shellScript = "diff \"${PODS_ROOT}/../Podfile.lock\" \"${PODS_ROOT}/Manifest.lock\" > /dev/null\nif [[ $? != 0 ]] ; then\n    cat << EOM\nerror: The sandbox is not in sync with the Podfile.lock. Run 'pod install' or update your CocoaPods installation.\nEOM\n    exit 1\nfi\n";
			showEnvVarsInLog = 0;
		};
		2F11D6290FC0950B88C0F62B /* [CP] Copy Pods Resources */ = {
			isa = PBXShellScriptBuildPhase;
			buildActionMask = 2147483647;
			files = (
			);
			inputPaths = (
			);
			name = "[CP] Copy Pods Resources";
			outputPaths = (
			);
			runOnlyForDeploymentPostprocessing = 0;
			shellPath = /bin/sh;
			shellScript = "\"${SRCROOT}/Pods/Target Support Files/Pods-BFRImageViewerTests/Pods-BFRImageViewerTests-resources.sh\"\n";
			showEnvVarsInLog = 0;
		};
		73C23DB8278C660F101CF600 /* [CP] Check Pods Manifest.lock */ = {
			isa = PBXShellScriptBuildPhase;
			buildActionMask = 2147483647;
			files = (
			);
			inputPaths = (
			);
			name = "[CP] Check Pods Manifest.lock";
			outputPaths = (
			);
			runOnlyForDeploymentPostprocessing = 0;
			shellPath = /bin/sh;
			shellScript = "diff \"${PODS_ROOT}/../Podfile.lock\" \"${PODS_ROOT}/Manifest.lock\" > /dev/null\nif [[ $? != 0 ]] ; then\n    cat << EOM\nerror: The sandbox is not in sync with the Podfile.lock. Run 'pod install' or update your CocoaPods installation.\nEOM\n    exit 1\nfi\n";
			showEnvVarsInLog = 0;
		};
		75F83FD6DCE7C055503BC8C3 /* [CP] Embed Pods Frameworks */ = {
			isa = PBXShellScriptBuildPhase;
			buildActionMask = 2147483647;
			files = (
			);
			inputPaths = (
			);
			name = "[CP] Embed Pods Frameworks";
			outputPaths = (
			);
			runOnlyForDeploymentPostprocessing = 0;
			shellPath = /bin/sh;
			shellScript = "\"${SRCROOT}/Pods/Target Support Files/Pods-BFRImageViewerTests/Pods-BFRImageViewerTests-frameworks.sh\"\n";
			showEnvVarsInLog = 0;
		};
		B51FCAE1FD20F8D48D02CD0C /* [CP] Check Pods Manifest.lock */ = {
			isa = PBXShellScriptBuildPhase;
			buildActionMask = 2147483647;
			files = (
			);
			inputPaths = (
			);
			name = "[CP] Check Pods Manifest.lock";
			outputPaths = (
			);
			runOnlyForDeploymentPostprocessing = 0;
			shellPath = /bin/sh;
			shellScript = "diff \"${PODS_ROOT}/../Podfile.lock\" \"${PODS_ROOT}/Manifest.lock\" > /dev/null\nif [[ $? != 0 ]] ; then\n    cat << EOM\nerror: The sandbox is not in sync with the Podfile.lock. Run 'pod install' or update your CocoaPods installation.\nEOM\n    exit 1\nfi\n";
			showEnvVarsInLog = 0;
		};
		B94CADC0D90CDDB4292E373E /* [CP] Copy Pods Resources */ = {
			isa = PBXShellScriptBuildPhase;
			buildActionMask = 2147483647;
			files = (
			);
			inputPaths = (
			);
			name = "[CP] Copy Pods Resources";
			outputPaths = (
			);
			runOnlyForDeploymentPostprocessing = 0;
			shellPath = /bin/sh;
			shellScript = "\"${SRCROOT}/Pods/Target Support Files/Pods-BFRImageViewer/Pods-BFRImageViewer-resources.sh\"\n";
			showEnvVarsInLog = 0;
		};
/* End PBXShellScriptBuildPhase section */

/* Begin PBXSourcesBuildPhase section */
		944B4DA71BFFC0C000B9BF87 /* Sources */ = {
			isa = PBXSourcesBuildPhase;
			buildActionMask = 2147483647;
			files = (
				24E376841D0D2F6E00180398 /* BufferImageContainerViewController+SDWebImage.swift in Sources */,
				24E3767F1D0D2CEF00180398 /* BufferImageContainerViewController.swift in Sources */,
				944B4DB91BFFC0C000B9BF87 /* SecondViewController.m in Sources */,
				24E376821D0D2E2900180398 /* BufferImageRetriever.swift in Sources */,
				944B4DB31BFFC0C000B9BF87 /* AppDelegate.m in Sources */,
				944B4DB61BFFC0C000B9BF87 /* FirstViewController.m in Sources */,
				24E376801D0D2CEF00180398 /* BufferImageViewController.swift in Sources */,
				944B4DB01BFFC0C000B9BF87 /* main.m in Sources */,
			);
			runOnlyForDeploymentPostprocessing = 0;
		};
		944B4DC31BFFC0C000B9BF87 /* Sources */ = {
			isa = PBXSourcesBuildPhase;
			buildActionMask = 2147483647;
			files = (
				944B4DCC1BFFC0C000B9BF87 /* BFRImageViewerTests.m in Sources */,
			);
			runOnlyForDeploymentPostprocessing = 0;
		};
		944B4DCE1BFFC0C000B9BF87 /* Sources */ = {
			isa = PBXSourcesBuildPhase;
			buildActionMask = 2147483647;
			files = (
				944B4DD71BFFC0C000B9BF87 /* BFRImageViewerUITests.m in Sources */,
			);
			runOnlyForDeploymentPostprocessing = 0;
		};
/* End PBXSourcesBuildPhase section */

/* Begin PBXTargetDependency section */
		944B4DC91BFFC0C000B9BF87 /* PBXTargetDependency */ = {
			isa = PBXTargetDependency;
			target = 944B4DAA1BFFC0C000B9BF87 /* BFRImageViewer */;
			targetProxy = 944B4DC81BFFC0C000B9BF87 /* PBXContainerItemProxy */;
		};
		944B4DD41BFFC0C000B9BF87 /* PBXTargetDependency */ = {
			isa = PBXTargetDependency;
			target = 944B4DAA1BFFC0C000B9BF87 /* BFRImageViewer */;
			targetProxy = 944B4DD31BFFC0C000B9BF87 /* PBXContainerItemProxy */;
		};
/* End PBXTargetDependency section */

/* Begin PBXVariantGroup section */
		944B4DBA1BFFC0C000B9BF87 /* Main.storyboard */ = {
			isa = PBXVariantGroup;
			children = (
				944B4DBB1BFFC0C000B9BF87 /* Base */,
			);
			name = Main.storyboard;
			sourceTree = "<group>";
		};
		944B4DBF1BFFC0C000B9BF87 /* LaunchScreen.storyboard */ = {
			isa = PBXVariantGroup;
			children = (
				944B4DC01BFFC0C000B9BF87 /* Base */,
			);
			name = LaunchScreen.storyboard;
			sourceTree = "<group>";
		};
/* End PBXVariantGroup section */

/* Begin XCBuildConfiguration section */
		944B4DD91BFFC0C000B9BF87 /* Debug */ = {
			isa = XCBuildConfiguration;
			buildSettings = {
				ALWAYS_SEARCH_USER_PATHS = NO;
				CLANG_CXX_LANGUAGE_STANDARD = "gnu++0x";
				CLANG_CXX_LIBRARY = "libc++";
				CLANG_ENABLE_MODULES = YES;
				CLANG_ENABLE_OBJC_ARC = YES;
				CLANG_WARN_BOOL_CONVERSION = YES;
				CLANG_WARN_CONSTANT_CONVERSION = YES;
				CLANG_WARN_DIRECT_OBJC_ISA_USAGE = YES_ERROR;
				CLANG_WARN_EMPTY_BODY = YES;
				CLANG_WARN_ENUM_CONVERSION = YES;
				CLANG_WARN_INT_CONVERSION = YES;
				CLANG_WARN_OBJC_ROOT_CLASS = YES_ERROR;
				CLANG_WARN_UNREACHABLE_CODE = YES;
				CLANG_WARN__DUPLICATE_METHOD_MATCH = YES;
				"CODE_SIGN_IDENTITY[sdk=iphoneos*]" = "iPhone Developer";
				COPY_PHASE_STRIP = NO;
				DEBUG_INFORMATION_FORMAT = dwarf;
				ENABLE_STRICT_OBJC_MSGSEND = YES;
				ENABLE_TESTABILITY = YES;
				GCC_C_LANGUAGE_STANDARD = gnu99;
				GCC_DYNAMIC_NO_PIC = NO;
				GCC_NO_COMMON_BLOCKS = YES;
				GCC_OPTIMIZATION_LEVEL = 0;
				GCC_PREPROCESSOR_DEFINITIONS = (
					"DEBUG=1",
					"$(inherited)",
				);
				GCC_WARN_64_TO_32_BIT_CONVERSION = YES;
				GCC_WARN_ABOUT_RETURN_TYPE = YES_ERROR;
				GCC_WARN_UNDECLARED_SELECTOR = YES;
				GCC_WARN_UNINITIALIZED_AUTOS = YES_AGGRESSIVE;
				GCC_WARN_UNUSED_FUNCTION = YES;
				GCC_WARN_UNUSED_VARIABLE = YES;
				IPHONEOS_DEPLOYMENT_TARGET = 9.1;
				MTL_ENABLE_DEBUG_INFO = YES;
				ONLY_ACTIVE_ARCH = YES;
				SDKROOT = iphoneos;
				TARGETED_DEVICE_FAMILY = "1,2";
			};
			name = Debug;
		};
		944B4DDA1BFFC0C000B9BF87 /* Release */ = {
			isa = XCBuildConfiguration;
			buildSettings = {
				ALWAYS_SEARCH_USER_PATHS = NO;
				CLANG_CXX_LANGUAGE_STANDARD = "gnu++0x";
				CLANG_CXX_LIBRARY = "libc++";
				CLANG_ENABLE_MODULES = YES;
				CLANG_ENABLE_OBJC_ARC = YES;
				CLANG_WARN_BOOL_CONVERSION = YES;
				CLANG_WARN_CONSTANT_CONVERSION = YES;
				CLANG_WARN_DIRECT_OBJC_ISA_USAGE = YES_ERROR;
				CLANG_WARN_EMPTY_BODY = YES;
				CLANG_WARN_ENUM_CONVERSION = YES;
				CLANG_WARN_INT_CONVERSION = YES;
				CLANG_WARN_OBJC_ROOT_CLASS = YES_ERROR;
				CLANG_WARN_UNREACHABLE_CODE = YES;
				CLANG_WARN__DUPLICATE_METHOD_MATCH = YES;
				"CODE_SIGN_IDENTITY[sdk=iphoneos*]" = "iPhone Developer";
				COPY_PHASE_STRIP = NO;
				DEBUG_INFORMATION_FORMAT = "dwarf-with-dsym";
				ENABLE_NS_ASSERTIONS = NO;
				ENABLE_STRICT_OBJC_MSGSEND = YES;
				GCC_C_LANGUAGE_STANDARD = gnu99;
				GCC_NO_COMMON_BLOCKS = YES;
				GCC_WARN_64_TO_32_BIT_CONVERSION = YES;
				GCC_WARN_ABOUT_RETURN_TYPE = YES_ERROR;
				GCC_WARN_UNDECLARED_SELECTOR = YES;
				GCC_WARN_UNINITIALIZED_AUTOS = YES_AGGRESSIVE;
				GCC_WARN_UNUSED_FUNCTION = YES;
				GCC_WARN_UNUSED_VARIABLE = YES;
				IPHONEOS_DEPLOYMENT_TARGET = 9.1;
				MTL_ENABLE_DEBUG_INFO = NO;
				SDKROOT = iphoneos;
				TARGETED_DEVICE_FAMILY = "1,2";
				VALIDATE_PRODUCT = YES;
			};
			name = Release;
		};
		944B4DDC1BFFC0C000B9BF87 /* Debug */ = {
			isa = XCBuildConfiguration;
			baseConfigurationReference = 72BE0EC5CD8C4D02A26996C5 /* Pods-BFRImageViewer.debug.xcconfig */;
			buildSettings = {
				ASSETCATALOG_COMPILER_APPICON_NAME = AppIcon;
				CLANG_ENABLE_MODULES = YES;
				INFOPLIST_FILE = BFRImageViewer/Info.plist;
				LD_RUNPATH_SEARCH_PATHS = "$(inherited) @executable_path/Frameworks";
				PRODUCT_BUNDLE_IDENTIFIER = com.buffer.BFRImageViewer;
				PRODUCT_NAME = "$(TARGET_NAME)";
				SWIFT_OPTIMIZATION_LEVEL = "-Onone";
			};
			name = Debug;
		};
		944B4DDD1BFFC0C000B9BF87 /* Release */ = {
			isa = XCBuildConfiguration;
			baseConfigurationReference = 2AAE50DFA6FE9AE0F4AA183D /* Pods-BFRImageViewer.release.xcconfig */;
			buildSettings = {
				ASSETCATALOG_COMPILER_APPICON_NAME = AppIcon;
				CLANG_ENABLE_MODULES = YES;
				INFOPLIST_FILE = BFRImageViewer/Info.plist;
				LD_RUNPATH_SEARCH_PATHS = "$(inherited) @executable_path/Frameworks";
				PRODUCT_BUNDLE_IDENTIFIER = com.buffer.BFRImageViewer;
				PRODUCT_NAME = "$(TARGET_NAME)";
			};
			name = Release;
		};
		944B4DDF1BFFC0C000B9BF87 /* Debug */ = {
			isa = XCBuildConfiguration;
			baseConfigurationReference = CCA7C454BD908EFC36038279 /* Pods-BFRImageViewerTests.debug.xcconfig */;
			buildSettings = {
				BUNDLE_LOADER = "$(TEST_HOST)";
				INFOPLIST_FILE = BFRImageViewerTests/Info.plist;
				LD_RUNPATH_SEARCH_PATHS = "$(inherited) @executable_path/Frameworks @loader_path/Frameworks";
				PRODUCT_BUNDLE_IDENTIFIER = com.buffer.BFRImageViewerTests;
				PRODUCT_NAME = "$(TARGET_NAME)";
				TEST_HOST = "$(BUILT_PRODUCTS_DIR)/BFRImageViewer.app/BFRImageViewer";
			};
			name = Debug;
		};
		944B4DE01BFFC0C000B9BF87 /* Release */ = {
			isa = XCBuildConfiguration;
			baseConfigurationReference = D84786945315F77E869C4418 /* Pods-BFRImageViewerTests.release.xcconfig */;
			buildSettings = {
				BUNDLE_LOADER = "$(TEST_HOST)";
				INFOPLIST_FILE = BFRImageViewerTests/Info.plist;
				LD_RUNPATH_SEARCH_PATHS = "$(inherited) @executable_path/Frameworks @loader_path/Frameworks";
				PRODUCT_BUNDLE_IDENTIFIER = com.buffer.BFRImageViewerTests;
				PRODUCT_NAME = "$(TARGET_NAME)";
				TEST_HOST = "$(BUILT_PRODUCTS_DIR)/BFRImageViewer.app/BFRImageViewer";
			};
			name = Release;
		};
		944B4DE21BFFC0C000B9BF87 /* Debug */ = {
			isa = XCBuildConfiguration;
			baseConfigurationReference = B7BA2A586F519194BD3FAFA8 /* Pods-BFRImageViewerUITests.debug.xcconfig */;
			buildSettings = {
				INFOPLIST_FILE = BFRImageViewerUITests/Info.plist;
				LD_RUNPATH_SEARCH_PATHS = "$(inherited) @executable_path/Frameworks @loader_path/Frameworks";
				PRODUCT_BUNDLE_IDENTIFIER = com.buffer.BFRImageViewerUITests;
				PRODUCT_NAME = "$(TARGET_NAME)";
				TEST_TARGET_NAME = BFRImageViewer;
				USES_XCTRUNNER = YES;
			};
			name = Debug;
		};
		944B4DE31BFFC0C000B9BF87 /* Release */ = {
			isa = XCBuildConfiguration;
			baseConfigurationReference = 35E79692E7A8DCABB88250EC /* Pods-BFRImageViewerUITests.release.xcconfig */;
			buildSettings = {
				INFOPLIST_FILE = BFRImageViewerUITests/Info.plist;
				LD_RUNPATH_SEARCH_PATHS = "$(inherited) @executable_path/Frameworks @loader_path/Frameworks";
				PRODUCT_BUNDLE_IDENTIFIER = com.buffer.BFRImageViewerUITests;
				PRODUCT_NAME = "$(TARGET_NAME)";
				TEST_TARGET_NAME = BFRImageViewer;
				USES_XCTRUNNER = YES;
			};
			name = Release;
		};
/* End XCBuildConfiguration section */

/* Begin XCConfigurationList section */
		944B4DA61BFFC0C000B9BF87 /* Build configuration list for PBXProject "BFRImageViewer" */ = {
			isa = XCConfigurationList;
			buildConfigurations = (
				944B4DD91BFFC0C000B9BF87 /* Debug */,
				944B4DDA1BFFC0C000B9BF87 /* Release */,
			);
			defaultConfigurationIsVisible = 0;
			defaultConfigurationName = Release;
		};
		944B4DDB1BFFC0C000B9BF87 /* Build configuration list for PBXNativeTarget "BFRImageViewer" */ = {
			isa = XCConfigurationList;
			buildConfigurations = (
				944B4DDC1BFFC0C000B9BF87 /* Debug */,
				944B4DDD1BFFC0C000B9BF87 /* Release */,
			);
			defaultConfigurationIsVisible = 0;
			defaultConfigurationName = Release;
		};
		944B4DDE1BFFC0C000B9BF87 /* Build configuration list for PBXNativeTarget "BFRImageViewerTests" */ = {
			isa = XCConfigurationList;
			buildConfigurations = (
				944B4DDF1BFFC0C000B9BF87 /* Debug */,
				944B4DE01BFFC0C000B9BF87 /* Release */,
			);
			defaultConfigurationIsVisible = 0;
			defaultConfigurationName = Release;
		};
		944B4DE11BFFC0C000B9BF87 /* Build configuration list for PBXNativeTarget "BFRImageViewerUITests" */ = {
			isa = XCConfigurationList;
			buildConfigurations = (
				944B4DE21BFFC0C000B9BF87 /* Debug */,
				944B4DE31BFFC0C000B9BF87 /* Release */,
			);
			defaultConfigurationIsVisible = 0;
			defaultConfigurationName = Release;
		};
/* End XCConfigurationList section */
	};
	rootObject = 944B4DA31BFFC0C000B9BF87 /* Project object */;
}
