PODS:
  - PINCache (3.0.2):
    - PINCache/Arc-exception-safe (= 3.0.2)
    - PINCache/Core (= 3.0.2)
  - PINCache/Arc-exception-safe (3.0.2):
    - PINCache/Core
  - PINCache/Core (3.0.2):
    - PINOperation (~> 1.2.0)
  - PINOperation (1.2)
  - PINRemoteImage (3.0.1):
    - PINRemoteImage/PINCache (= 3.0.1)
  - PINRemoteImage/Core (3.0.1):
    - PINOperation
  - PINRemoteImage/PINCache (3.0.1):
    - PINCache (~> 3.0.1)
    - PINRemoteImage/Core

DEPENDENCIES:
  - PINRemoteImage

SPEC REPOS:
  trunk:
    - PINCache
    - PINOperation
    - PINRemoteImage

SPEC CHECKSUMS:
  PINCache: bea7c404c360f6fe0f6ee783c5cd14e778fa2aab
  PINOperation: 3a967a927e7867e61976c6cc23e5770416449fbc
  PINRemoteImage: 3b7cedb118c2d357f87e9eabc7c81ba0202cb236

PODFILE CHECKSUM: 436e7f5869fe6a451dc26158b23f3ddf4b8a4b46

COCOAPODS: 1.10.0.rc.1
