PODS:
  - DACircularProgress (2.3.1)
  - SDWebImage (3.8.1):
    - SDWebImage/Core (= 3.8.1)
  - SDWebImage/Core (3.8.1)

DEPENDENCIES:
  - DACircularProgress
  - SDWebImage (~> 3.7)

SPEC CHECKSUMS:
  DACircularProgress: 4dd437c0fc3da5161cb289e07ac449493d41db71
  SDWebImage: 35f9627a3e44b4f292a8a8ce6a531fa488239b91

PODFILE CHECKSUM: df5c98679edbdd9a44b856c43ced3088b1a48224

COCOAPODS: 1.0.1
